// !$*UTF8*$!
{
	archiveVersion = 1;
	classes = {
	};
	objectVersion = 50;
	objects = {

/* Begin PBXBuildFile section */
		6654C326249390FD004304BA /* AppDelegate.m in Sources */ = {isa = PBXBuildFile; fileRef = 6654C325249390FD004304BA /* AppDelegate.m */; };
		6654C329249390FD004304BA /* SceneDelegate.m in Sources */ = {isa = PBXBuildFile; fileRef = 6654C328249390FD004304BA /* SceneDelegate.m */; };
		6654C32C249390FD004304BA /* ViewController.m in Sources */ = {isa = PBXBuildFile; fileRef = 6654C32B249390FD004304BA /* ViewController.m */; };
		6654C32F249390FD004304BA /* Main.storyboard in Resources */ = {isa = PBXBuildFile; fileRef = 6654C32D249390FD004304BA /* Main.storyboard */; };
		6654C331249390FE004304BA /* Assets.xcassets in Resources */ = {isa = PBXBuildFile; fileRef = 6654C330249390FE004304BA /* Assets.xcassets */; };
		6654C334249390FE004304BA /* LaunchScreen.storyboard in Resources */ = {isa = PBXBuildFile; fileRef = 6654C332249390FE004304BA /* LaunchScreen.storyboard */; };
		6654C337249390FE004304BA /* main.m in Sources */ = {isa = PBXBuildFile; fileRef = 6654C336249390FE004304BA /* main.m */; };
		6654EF692497210B004304BA /* GZHHypnosisView.m in Sources */ = {isa = PBXBuildFile; fileRef = 6654EF682497210B004304BA /* GZHHypnosisView.m */; };
		6654EF6C249721C1004304BA /* GZHHypnosisViewController.m in Sources */ = {isa = PBXBuildFile; fileRef = 6654EF6B249721C1004304BA /* GZHHypnosisViewController.m */; };
		6654EF75249725F4004304BA /* ReminderViewController.m in Sources */ = {isa = PBXBuildFile; fileRef = 6654EF74249725F4004304BA /* ReminderViewController.m */; };
		66E2445D24974B0A004EA9DB /* ReminderViewController.xib in Resources */ = {isa = PBXBuildFile; fileRef = 66E2445C24974B0A004EA9DB /* ReminderViewController.xib */; };
/* End PBXBuildFile section */

/* Begin PBXFileReference section */
		6654C321249390FD004304BA /* Hypno.app */ = {isa = PBXFileReference; explicitFileType = wrapper.application; includeInIndex = 0; path = Hypno.app; sourceTree = BUILT_PRODUCTS_DIR; };
		6654C324249390FD004304BA /* AppDelegate.h */ = {isa = PBXFileReference; lastKnownFileType = sourcecode.c.h; path = AppDelegate.h; sourceTree = "<group>"; };
		6654C325249390FD004304BA /* AppDelegate.m */ = {isa = PBXFileReference; lastKnownFileType = sourcecode.c.objc; path = AppDelegate.m; sourceTree = "<group>"; };
		6654C327249390FD004304BA /* SceneDelegate.h */ = {isa = PBXFileReference; lastKnownFileType = sourcecode.c.h; path = SceneDelegate.h; sourceTree = "<group>"; };
		6654C328249390FD004304BA /* SceneDelegate.m */ = {isa = PBXFileReference; lastKnownFileType = sourcecode.c.objc; path = SceneDelegate.m; sourceTree = "<group>"; };
		6654C32A249390FD004304BA /* ViewController.h */ = {isa = PBXFileReference; lastKnownFileType = sourcecode.c.h; path = ViewController.h; sourceTree = "<group>"; };
		6654C32B249390FD004304BA /* ViewController.m */ = {isa = PBXFileReference; lastKnownFileType = sourcecode.c.objc; path = ViewController.m; sourceTree = "<group>"; };
		6654C32E249390FD004304BA /* Base */ = {isa = PBXFileReference; lastKnownFileType = file.storyboard; name = Base; path = Base.lproj/Main.storyboard; sourceTree = "<group>"; };
		6654C330249390FE004304BA /* Assets.xcassets */ = {isa = PBXFileReference; lastKnownFileType = folder.assetcatalog; path = Assets.xcassets; sourceTree = "<group>"; };
		6654C333249390FE004304BA /* Base */ = {isa = PBXFileReference; lastKnownFileType = file.storyboard; name = Base; path = Base.lproj/LaunchScreen.storyboard; sourceTree = "<group>"; };
		6654C335249390FE004304BA /* Info.plist */ = {isa = PBXFileReference; lastKnownFileType = text.plist.xml; path = Info.plist; sourceTree = "<group>"; };
		6654C336249390FE004304BA /* main.m */ = {isa = PBXFileReference; lastKnownFileType = sourcecode.c.objc; path = main.m; sourceTree = "<group>"; };
		6654EF672497210B004304BA /* GZHHypnosisView.h */ = {isa = PBXFileReference; fileEncoding = 4; lastKnownFileType = sourcecode.c.h; name = GZHHypnosisView.h; path = ../../GZHHypnosister/GZHHypnosister/GZHHypnosisView.h; sourceTree = "<group>"; };
		6654EF682497210B004304BA /* GZHHypnosisView.m */ = {isa = PBXFileReference; fileEncoding = 4; lastKnownFileType = sourcecode.c.objc; name = GZHHypnosisView.m; path = ../../GZHHypnosister/GZHHypnosister/GZHHypnosisView.m; sourceTree = "<group>"; };
		6654EF6A249721C1004304BA /* GZHHypnosisViewController.h */ = {isa = PBXFileReference; lastKnownFileType = sourcecode.c.h; path = GZHHypnosisViewController.h; sourceTree = "<group>"; };
		6654EF6B249721C1004304BA /* GZHHypnosisViewController.m */ = {isa = PBXFileReference; lastKnownFileType = sourcecode.c.objc; path = GZHHypnosisViewController.m; sourceTree = "<group>"; };
		6654EF73249725F4004304BA /* ReminderViewController.h */ = {isa = PBXFileReference; lastKnownFileType = sourcecode.c.h; path = ReminderViewController.h; sourceTree = "<group>"; };
		6654EF74249725F4004304BA /* ReminderViewController.m */ = {isa = PBXFileReference; lastKnownFileType = sourcecode.c.objc; path = ReminderViewController.m; sourceTree = "<group>"; };
		66E2445C24974B0A004EA9DB /* ReminderViewController.xib */ = {isa = PBXFileReference; lastKnownFileType = file.xib; path = ReminderViewController.xib; sourceTree = "<group>"; };
/* End PBXFileReference section */

/* Begin PBXFrameworksBuildPhase section */
		6654C31E249390FD004304BA /* Frameworks */ = {
			isa = PBXFrameworksBuildPhase;
			buildActionMask = 2147483647;
			files = (
			);
			runOnlyForDeploymentPostprocessing = 0;
		};
/* End PBXFrameworksBuildPhase section */

/* Begin PBXGroup section */
		6654C318249390FD004304BA = {
			isa = PBXGroup;
			children = (
				6654C323249390FD004304BA /* Hypno */,
				6654C322249390FD004304BA /* Products */,
			);
			sourceTree = "<group>";
		};
		6654C322249390FD004304BA /* Products */ = {
			isa = PBXGroup;
			children = (
				6654C321249390FD004304BA /* Hypno.app */,
			);
			name = Products;
			sourceTree = "<group>";
		};
		6654C323249390FD004304BA /* Hypno */ = {
			isa = PBXGroup;
			children = (
				66E2445C24974B0A004EA9DB /* ReminderViewController.xib */,
				6654EF73249725F4004304BA /* ReminderViewController.h */,
				6654EF74249725F4004304BA /* ReminderViewController.m */,
				6654C324249390FD004304BA /* AppDelegate.h */,
				6654C325249390FD004304BA /* AppDelegate.m */,
				6654EF6A249721C1004304BA /* GZHHypnosisViewController.h */,
				6654EF6B249721C1004304BA /* GZHHypnosisViewController.m */,
				6654EF672497210B004304BA /* GZHHypnosisView.h */,
				6654EF682497210B004304BA /* GZHHypnosisView.m */,
				6654C327249390FD004304BA /* SceneDelegate.h */,
				6654C328249390FD004304BA /* SceneDelegate.m */,
				6654C32A249390FD004304BA /* ViewController.h */,
				6654C32B249390FD004304BA /* ViewController.m */,
				6654C32D249390FD004304BA /* Main.storyboard */,
				6654C330249390FE004304BA /* Assets.xcassets */,
				6654C332249390FE004304BA /* LaunchScreen.storyboard */,
				6654C335249390FE004304BA /* Info.plist */,
				6654C336249390FE004304BA /* main.m */,
			);
			path = Hypno;
			sourceTree = "<group>";
		};
/* End PBXGroup section */

/* Begin PBXNativeTarget section */
		6654C320249390FD004304BA /* Hypno */ = {
			isa = PBXNativeTarget;
			buildConfigurationList = 6654C33A249390FE004304BA /* Build configuration list for PBXNativeTarget "Hypno" */;
			buildPhases = (
				6654C31D249390FD004304BA /* Sources */,
				6654C31E249390FD004304BA /* Frameworks */,
				6654C31F249390FD004304BA /* Resources */,
			);
			buildRules = (
			);
			dependencies = (
			);
			name = Hypno;
			productName = Hypno;
			productReference = 6654C321249390FD004304BA /* Hypno.app */;
			productType = "com.apple.product-type.application";
		};
/* End PBXNativeTarget section */

/* Begin PBXProject section */
		6654C319249390FD004304BA /* Project object */ = {
			isa = PBXProject;
			attributes = {
				LastUpgradeCheck = 1140;
				ORGANIZATIONNAME = guanzhihao;
				TargetAttributes = {
					6654C320249390FD004304BA = {
						CreatedOnToolsVersion = 11.4.1;
					};
				};
			};
			buildConfigurationList = 6654C31C249390FD004304BA /* Build configuration list for PBXProject "Hypno" */;
			compatibilityVersion = "Xcode 9.3";
			developmentRegion = en;
			hasScannedForEncodings = 0;
			knownRegions = (
				en,
				Base,
			);
			mainGroup = 6654C318249390FD004304BA;
			productRefGroup = 6654C322249390FD004304BA /* Products */;
			projectDirPath = "";
			projectRoot = "";
			targets = (
				6654C320249390FD004304BA /* Hypno */,
			);
		};
/* End PBXProject section */

/* Begin PBXResourcesBuildPhase section */
		6654C31F249390FD004304BA /* Resources */ = {
			isa = PBXResourcesBuildPhase;
			buildActionMask = 2147483647;
			files = (
				66E2445D24974B0A004EA9DB /* ReminderViewController.xib in Resources */,
				6654C334249390FE004304BA /* LaunchScreen.storyboard in Resources */,
				6654C331249390FE004304BA /* Assets.xcassets in Resources */,
				6654C32F249390FD004304BA /* Main.storyboard in Resources */,
			);
			runOnlyForDeploymentPostprocessing = 0;
		};
/* End PBXResourcesBuildPhase section */

/* Begin PBXSourcesBuildPhase section */
		6654C31D249390FD004304BA /* Sources */ = {
			isa = PBXSourcesBuildPhase;
			buildActionMask = 2147483647;
			files = (
				6654C32C249390FD004304BA /* ViewController.m in Sources */,
				6654C326249390FD004304BA /* AppDelegate.m in Sources */,
				6654EF692497210B004304BA /* GZHHypnosisView.m in Sources */,
				6654EF6C249721C1004304BA /* GZHHypnosisViewController.m in Sources */,
				6654EF75249725F4004304BA /* ReminderViewController.m in Sources */,
				6654C337249390FE004304BA /* main.m in Sources */,
				6654C329249390FD004304BA /* SceneDelegate.m in Sources */,
			);
			runOnlyForDeploymentPostprocessing = 0;
		};
/* End PBXSourcesBuildPhase section */

/* Begin PBXVariantGroup section */
		6654C32D249390FD004304BA /* Main.storyboard */ = {
			isa = PBXVariantGroup;
			children = (
				6654C32E249390FD004304BA /* Base */,
			);
			name = Main.storyboard;
			sourceTree = "<group>";
		};
		6654C332249390FE004304BA /* LaunchScreen.storyboard */ = {
			isa = PBXVariantGroup;
			children = (
				6654C333249390FE004304BA /* Base */,
			);
			name = LaunchScreen.storyboard;
			sourceTree = "<group>";
		};
/* End PBXVariantGroup section */

/* Begin XCBuildConfiguration section */
		6654C338249390FE004304BA /* Debug */ = {
			isa = XCBuildConfiguration;
			buildSettings = {
				ALWAYS_SEARCH_USER_PATHS = NO;
				CLANG_ANALYZER_NONNULL = YES;
				CLANG_ANALYZER_NUMBER_OBJECT_CONVERSION = YES_AGGRESSIVE;
				CLANG_CXX_LANGUAGE_STANDARD = "gnu++14";
				CLANG_CXX_LIBRARY = "libc++";
				CLANG_ENABLE_MODULES = YES;
				CLANG_ENABLE_OBJC_ARC = YES;
				CLANG_ENABLE_OBJC_WEAK = YES;
				CLANG_WARN_BLOCK_CAPTURE_AUTORELEASING = YES;
				CLANG_WARN_BOOL_CONVERSION = YES;
				CLANG_WARN_COMMA = YES;
				CLANG_WARN_CONSTANT_CONVERSION = YES;
				CLANG_WARN_DEPRECATED_OBJC_IMPLEMENTATIONS = YES;
				CLANG_WARN_DIRECT_OBJC_ISA_USAGE = YES_ERROR;
				CLANG_WARN_DOCUMENTATION_COMMENTS = YES;
				CLANG_WARN_EMPTY_BODY = YES;
				CLANG_WARN_ENUM_CONVERSION = YES;
				CLANG_WARN_INFINITE_RECURSION = YES;
				CLANG_WARN_INT_CONVERSION = YES;
				CLANG_WARN_NON_LITERAL_NULL_CONVERSION = YES;
				CLANG_WARN_OBJC_IMPLICIT_RETAIN_SELF = YES;
				CLANG_WARN_OBJC_LITERAL_CONVERSION = YES;
				CLANG_WARN_OBJC_ROOT_CLASS = YES_ERROR;
				CLANG_WARN_RANGE_LOOP_ANALYSIS = YES;
				CLANG_WARN_STRICT_PROTOTYPES = YES;
				CLANG_WARN_SUSPICIOUS_MOVE = YES;
				CLANG_WARN_UNGUARDED_AVAILABILITY = YES_AGGRESSIVE;
				CLANG_WARN_UNREACHABLE_CODE = YES;
				CLANG_WARN__DUPLICATE_METHOD_MATCH = YES;
				COPY_PHASE_STRIP = NO;
				DEBUG_INFORMATION_FORMAT = dwarf;
				ENABLE_STRICT_OBJC_MSGSEND = YES;
				ENABLE_TESTABILITY = YES;
				GCC_C_LANGUAGE_STANDARD = gnu11;
				GCC_DYNAMIC_NO_PIC = NO;
				GCC_NO_COMMON_BLOCKS = YES;
				GCC_OPTIMIZATION_LEVEL = 0;
				GCC_PREPROCESSOR_DEFINITIONS = (
					"DEBUG=1",
					"$(inherited)",
				);
				GCC_WARN_64_TO_32_BIT_CONVERSION = YES;
				GCC_WARN_ABOUT_RETURN_TYPE = YES_ERROR;
				GCC_WARN_UNDECLARED_SELECTOR = YES;
				GCC_WARN_UNINITIALIZED_AUTOS = YES_AGGRESSIVE;
				GCC_WARN_UNUSED_FUNCTION = YES;
				GCC_WARN_UNUSED_VARIABLE = YES;
				IPHONEOS_DEPLOYMENT_TARGET = 13.4;
				MTL_ENABLE_DEBUG_INFO = INCLUDE_SOURCE;
				MTL_FAST_MATH = YES;
				ONLY_ACTIVE_ARCH = YES;
				SDKROOT = iphoneos;
			};
			name = Debug;
		};
		6654C339249390FE004304BA /* Release */ = {
			isa = XCBuildConfiguration;
			buildSettings = {
				ALWAYS_SEARCH_USER_PATHS = NO;
				CLANG_ANALYZER_NONNULL = YES;
				CLANG_ANALYZER_NUMBER_OBJECT_CONVERSION = YES_AGGRESSIVE;
				CLANG_CXX_LANGUAGE_STANDARD = "gnu++14";
				CLANG_CXX_LIBRARY = "libc++";
				CLANG_ENABLE_MODULES = YES;
				CLANG_ENABLE_OBJC_ARC = YES;
				CLANG_ENABLE_OBJC_WEAK = YES;
				CLANG_WARN_BLOCK_CAPTURE_AUTORELEASING = YES;
				CLANG_WARN_BOOL_CONVERSION = YES;
				CLANG_WARN_COMMA = YES;
				CLANG_WARN_CONSTANT_CONVERSION = YES;
				CLANG_WARN_DEPRECATED_OBJC_IMPLEMENTATIONS = YES;
				CLANG_WARN_DIRECT_OBJC_ISA_USAGE = YES_ERROR;
				CLANG_WARN_DOCUMENTATION_COMMENTS = YES;
				CLANG_WARN_EMPTY_BODY = YES;
				CLANG_WARN_ENUM_CONVERSION = YES;
				CLANG_WARN_INFINITE_RECURSION = YES;
				CLANG_WARN_INT_CONVERSION = YES;
				CLANG_WARN_NON_LITERAL_NULL_CONVERSION = YES;
				CLANG_WARN_OBJC_IMPLICIT_RETAIN_SELF = YES;
				CLANG_WARN_OBJC_LITERAL_CONVERSION = YES;
				CLANG_WARN_OBJC_ROOT_CLASS = YES_ERROR;
				CLANG_WARN_RANGE_LOOP_ANALYSIS = YES;
				CLANG_WARN_STRICT_PROTOTYPES = YES;
				CLANG_WARN_SUSPICIOUS_MOVE = YES;
				CLANG_WARN_UNGUARDED_AVAILABILITY = YES_AGGRESSIVE;
				CLANG_WARN_UNREACHABLE_CODE = YES;
				CLANG_WARN__DUPLICATE_METHOD_MATCH = YES;
				COPY_PHASE_STRIP = NO;
				DEBUG_INFORMATION_FORMAT = "dwarf-with-dsym";
				ENABLE_NS_ASSERTIONS = NO;
				ENABLE_STRICT_OBJC_MSGSEND = YES;
				GCC_C_LANGUAGE_STANDARD = gnu11;
				GCC_NO_COMMON_BLOCKS = YES;
				GCC_WARN_64_TO_32_BIT_CONVERSION = YES;
				GCC_WARN_ABOUT_RETURN_TYPE = YES_ERROR;
				GCC_WARN_UNDECLARED_SELECTOR = YES;
				GCC_WARN_UNINITIALIZED_AUTOS = YES_AGGRESSIVE;
				GCC_WARN_UNUSED_FUNCTION = YES;
				GCC_WARN_UNUSED_VARIABLE = YES;
				IPHONEOS_DEPLOYMENT_TARGET = 13.4;
				MTL_ENABLE_DEBUG_INFO = NO;
				MTL_FAST_MATH = YES;
				SDKROOT = iphoneos;
				VALIDATE_PRODUCT = YES;
			};
			name = Release;
		};
		6654C33B249390FE004304BA /* Debug */ = {
			isa = XCBuildConfiguration;
			buildSettings = {
				ASSETCATALOG_COMPILER_APPICON_NAME = AppIcon;
				CODE_SIGN_STYLE = Automatic;
				INFOPLIST_FILE = Hypno/Info.plist;
				LD_RUNPATH_SEARCH_PATHS = (
					"$(inherited)",
					"@executable_path/Frameworks",
				);
				PRODUCT_BUNDLE_IDENTIFIER = com.test.Hypno;
				PRODUCT_NAME = "$(TARGET_NAME)";
				TARGETED_DEVICE_FAMILY = "1,2";
			};
			name = Debug;
		};
		6654C33C249390FE004304BA /* Release */ = {
			isa = XCBuildConfiguration;
			buildSettings = {
				ASSETCATALOG_COMPILER_APPICON_NAME = AppIcon;
				CODE_SIGN_STYLE = Automatic;
				INFOPLIST_FILE = Hypno/Info.plist;
				LD_RUNPATH_SEARCH_PATHS = (
					"$(inherited)",
					"@executable_path/Frameworks",
				);
				PRODUCT_BUNDLE_IDENTIFIER = com.test.Hypno;
				PRODUCT_NAME = "$(TARGET_NAME)";
				TARGETED_DEVICE_FAMILY = "1,2";
			};
			name = Release;
		};
/* End XCBuildConfiguration section */

/* Begin XCConfigurationList section */
		6654C31C249390FD004304BA /* Build configuration list for PBXProject "Hypno" */ = {
			isa = XCConfigurationList;
			buildConfigurations = (
				6654C338249390FE004304BA /* Debug */,
				6654C339249390FE004304BA /* Release */,
			);
			defaultConfigurationIsVisible = 0;
			defaultConfigurationName = Release;
		};
		6654C33A249390FE004304BA /* Build configuration list for PBXNativeTarget "Hypno" */ = {
			isa = XCConfigurationList;
			buildConfigurations = (
				6654C33B249390FE004304BA /* Debug */,
				6654C33C249390FE004304BA /* Release */,
			);
			defaultConfigurationIsVisible = 0;
			defaultConfigurationName = Release;
		};
/* End XCConfigurationList section */
	};
	rootObject = 6654C319249390FD004304BA /* Project object */;
}
